
Microsoft Visual Studio Solution File, Format Version 12.00
# Visual Studio Version 17
VisualStudioVersion = 17.5.33502.453
MinimumVisualStudioVersion = 10.0.40219.1
Project("{FAE04EC0-301F-11D3-BF4B-00C04F79EFBC}") = "ValtrighExchange", "ValtrighExchange\ValtrighExchange.csproj", "{5733E095-7D64-486E-BEB7-BCB50539663D}"
EndProject
Global
	GlobalSection(SolutionConfigurationPlatforms) = preSolution
		Debug|Any CPU = Debug|Any CPU
		Release|Any CPU = Release|Any CPU
	EndGlobalSection
	GlobalSection(ProjectConfigurationPlatforms) = postSolution
		{5733E095-7D64-486E-BEB7-BCB50539663D}.Debug|Any CPU.ActiveCfg = Debug|Any CPU
		{5733E095-7D64-486E-BEB7-BCB50539663D}.Debug|Any CPU.Build.0 = Debug|Any CPU
		{5733E095-7D64-486E-BEB7-BCB50539663D}.Release|Any CPU.ActiveCfg = Release|Any CPU
		{5733E095-7D64-486E-BEB7-BCB50539663D}.Release|Any CPU.Build.0 = Release|Any CPU
	EndGlobalSection
	GlobalSection(SolutionProperties) = preSolution
		HideSolutionNode = FALSE
	EndGlobalSection
	GlobalSection(ExtensibilityGlobals) = postSolution
		SolutionGuid = {8B8E533E-8581-47A9-ADA1-924C5791695F}
	EndGlobalSection
EndGlobal
